
Microsoft Visual Studio Solution File, Format Version 12.00
# Visual Studio Version 17
VisualStudioVersion = 17.4.33122.133
MinimumVisualStudioVersion = 10.0.40219.1
Project("{FAE04EC0-301F-11D3-BF4B-00C04F79EFBC}") = "Human Mod Manager", "Human Mod Manager\Human Mod Manager.csproj", "{EAACF2E3-2378-43DF-A33A-25F1A847C6FA}"
EndProject
Global
	GlobalSection(SolutionConfigurationPlatforms) = preSolution
		Debug|Any CPU = Debug|Any CPU
		Release|Any CPU = Release|Any CPU
	EndGlobalSection
	GlobalSection(ProjectConfigurationPlatforms) = postSolution
		{EAACF2E3-2378-43DF-A33A-25F1A847C6FA}.Debug|Any CPU.ActiveCfg = Debug|Any CPU
		{EAACF2E3-2378-43DF-A33A-25F1A847C6FA}.Debug|Any CPU.Build.0 = Debug|Any CPU
		{EAACF2E3-2378-43DF-A33A-25F1A847C6FA}.Release|Any CPU.ActiveCfg = Release|Any CPU
		{EAACF2E3-2378-43DF-A33A-25F1A847C6FA}.Release|Any CPU.Build.0 = Release|Any CPU
	EndGlobalSection
	GlobalSection(SolutionProperties) = preSolution
		HideSolutionNode = FALSE
	EndGlobalSection
	GlobalSection(ExtensibilityGlobals) = postSolution
		SolutionGuid = {799C81DE-3831-4B71-A269-5B2B8DE7D6BA}
	EndGlobalSection
EndGlobal
